
Microsoft Visual Studio Solution File, Format Version 12.00
# Visual Studio Version 16
VisualStudioVersion = 16.0.31424.327
MinimumVisualStudioVersion = 10.0.40219.1
Project("{9A19103F-16F7-4668-BE54-9A1E7A4F7556}") = "ChadWrapper", "ChadWrapper\ChadWrapper.csproj", "{A3E710D2-16FB-4BEF-97EF-FD753721B322}"
EndProject
Project("{9A19103F-16F7-4668-BE54-9A1E7A4F7556}") = "ChadWrapperMake", "ChadWrapperMake\ChadWrapperMake.csproj", "{994E95F7-3FC1-4AA9-8A7D-5EAEE797A49F}"
EndProject
Global
	GlobalSection(SolutionConfigurationPlatforms) = preSolution
		Debug|Any CPU = Debug|Any CPU
		Release|Any CPU = Release|Any CPU
	EndGlobalSection
	GlobalSection(ProjectConfigurationPlatforms) = postSolution
		{A3E710D2-16FB-4BEF-97EF-FD753721B322}.Debug|Any CPU.ActiveCfg = Debug|Any CPU
		{A3E710D2-16FB-4BEF-97EF-FD753721B322}.Debug|Any CPU.Build.0 = Debug|Any CPU
		{A3E710D2-16FB-4BEF-97EF-FD753721B322}.Release|Any CPU.ActiveCfg = Release|Any CPU
		{A3E710D2-16FB-4BEF-97EF-FD753721B322}.Release|Any CPU.Build.0 = Release|Any CPU
		{994E95F7-3FC1-4AA9-8A7D-5EAEE797A49F}.Debug|Any CPU.ActiveCfg = Debug|Any CPU
		{994E95F7-3FC1-4AA9-8A7D-5EAEE797A49F}.Debug|Any CPU.Build.0 = Debug|Any CPU
		{994E95F7-3FC1-4AA9-8A7D-5EAEE797A49F}.Release|Any CPU.ActiveCfg = Release|Any CPU
		{994E95F7-3FC1-4AA9-8A7D-5EAEE797A49F}.Release|Any CPU.Build.0 = Release|Any CPU
	EndGlobalSection
	GlobalSection(SolutionProperties) = preSolution
		HideSolutionNode = FALSE
	EndGlobalSection
	GlobalSection(ExtensibilityGlobals) = postSolution
		SolutionGuid = {3E031E82-C2D6-452E-A591-F236C3926E5D}
	EndGlobalSection
EndGlobal
